
Microsoft Visual Studio Solution File, Format Version 12.00
# Visual Studio Version 17
VisualStudioVersion = 17.4.33213.308
MinimumVisualStudioVersion = 10.0.40219.1
Project("{FAE04EC0-301F-11D3-BF4B-00C04F79EFBC}") = "project_6_CSharp_Strings", "project_6_CSharp_Strings\project_6_CSharp_Strings.csproj", "{9CA5BAA8-1990-49F9-9770-E7519298888A}"
EndProject
Global
	GlobalSection(SolutionConfigurationPlatforms) = preSolution
		Debug|Any CPU = Debug|Any CPU
		Release|Any CPU = Release|Any CPU
	EndGlobalSection
	GlobalSection(ProjectConfigurationPlatforms) = postSolution
		{9CA5BAA8-1990-49F9-9770-E7519298888A}.Debug|Any CPU.ActiveCfg = Debug|Any CPU
		{9CA5BAA8-1990-49F9-9770-E7519298888A}.Debug|Any CPU.Build.0 = Debug|Any CPU
		{9CA5BAA8-1990-49F9-9770-E7519298888A}.Release|Any CPU.ActiveCfg = Release|Any CPU
		{9CA5BAA8-1990-49F9-9770-E7519298888A}.Release|Any CPU.Build.0 = Release|Any CPU
	EndGlobalSection
	GlobalSection(SolutionProperties) = preSolution
		HideSolutionNode = FALSE
	EndGlobalSection
	GlobalSection(ExtensibilityGlobals) = postSolution
		SolutionGuid = {A4EEB4B3-DEED-4EC8-9C25-1A9D8C502AB4}
	EndGlobalSection
EndGlobal
